
Microsoft Visual Studio Solution File, Format Version 12.00
# Visual Studio Version 16
VisualStudioVersion = 16.0.29001.49
MinimumVisualStudioVersion = 10.0.40219.1
Project("{FAE04EC0-301F-11D3-BF4B-00C04F79EFBC}") = "Email sending receiving-asp.net mvc core", "Email sending receiving-asp.net mvc core.csproj", "{1EFCA537-0AEB-4DBD-A310-9636E76C117E}"
EndProject
Global
	GlobalSection(SolutionConfigurationPlatforms) = preSolution
		Debug|Any CPU = Debug|Any CPU
		Release|Any CPU = Release|Any CPU
	EndGlobalSection
	GlobalSection(ProjectConfigurationPlatforms) = postSolution
		{1EFCA537-0AEB-4DBD-A310-9636E76C117E}.Debug|Any CPU.ActiveCfg = Debug|Any CPU
		{1EFCA537-0AEB-4DBD-A310-9636E76C117E}.Debug|Any CPU.Build.0 = Debug|Any CPU
		{1EFCA537-0AEB-4DBD-A310-9636E76C117E}.Release|Any CPU.ActiveCfg = Release|Any CPU
		{1EFCA537-0AEB-4DBD-A310-9636E76C117E}.Release|Any CPU.Build.0 = Release|Any CPU
	EndGlobalSection
	GlobalSection(SolutionProperties) = preSolution
		HideSolutionNode = FALSE
	EndGlobalSection
	GlobalSection(ExtensibilityGlobals) = postSolution
		SolutionGuid = {F8E02F83-43F7-41F1-B9FE-E8035A3AFF22}
	EndGlobalSection
EndGlobal
